
Microsoft Visual Studio Solution File, Format Version 12.00
# Visual Studio Version 16
VisualStudioVersion = 16.0.30413.136
MinimumVisualStudioVersion = 10.0.40219.1
Project("{8BC9CEB8-8B4A-11D0-8D11-00A0C91BC942}") = "zD", "zD.vcxproj", "{65198FE3-F3D3-4512-AAE9-8A4AB32EBF3D}"
EndProject
Global
	GlobalSection(SolutionConfigurationPlatforms) = preSolution
		Debug|x64 = Debug|x64
		Debug|x86 = Debug|x86
		Release|x64 = Release|x64
		Release|x86 = Release|x86
	EndGlobalSection
	GlobalSection(ProjectConfigurationPlatforms) = postSolution
		{65198FE3-F3D3-4512-AAE9-8A4AB32EBF3D}.Debug|x64.ActiveCfg = Debug|x64
		{65198FE3-F3D3-4512-AAE9-8A4AB32EBF3D}.Debug|x64.Build.0 = Debug|x64
		{65198FE3-F3D3-4512-AAE9-8A4AB32EBF3D}.Debug|x86.ActiveCfg = Debug|Win32
		{65198FE3-F3D3-4512-AAE9-8A4AB32EBF3D}.Debug|x86.Build.0 = Debug|Win32
		{65198FE3-F3D3-4512-AAE9-8A4AB32EBF3D}.Release|x64.ActiveCfg = Release|x64
		{65198FE3-F3D3-4512-AAE9-8A4AB32EBF3D}.Release|x64.Build.0 = Release|x64
		{65198FE3-F3D3-4512-AAE9-8A4AB32EBF3D}.Release|x86.ActiveCfg = Release|Win32
		{65198FE3-F3D3-4512-AAE9-8A4AB32EBF3D}.Release|x86.Build.0 = Release|Win32
	EndGlobalSection
	GlobalSection(SolutionProperties) = preSolution
		HideSolutionNode = FALSE
	EndGlobalSection
	GlobalSection(ExtensibilityGlobals) = postSolution
		SolutionGuid = {0AABDCEF-AC13-4321-A5BD-F76C2D58A46D}
	EndGlobalSection
EndGlobal
