
Microsoft Visual Studio Solution File, Format Version 12.00
# Visual Studio Version 16
VisualStudioVersion = 16.0.30413.136
MinimumVisualStudioVersion = 10.0.40219.1
Project("{8BC9CEB8-8B4A-11D0-8D11-00A0C91BC942}") = "zK", "zK.vcxproj", "{7B26FFA6-C1BB-467D-AB17-D7890647A225}"
EndProject
Global
	GlobalSection(SolutionConfigurationPlatforms) = preSolution
		Debug|x64 = Debug|x64
		Debug|x86 = Debug|x86
		Release|x64 = Release|x64
		Release|x86 = Release|x86
	EndGlobalSection
	GlobalSection(ProjectConfigurationPlatforms) = postSolution
		{7B26FFA6-C1BB-467D-AB17-D7890647A225}.Debug|x64.ActiveCfg = Debug|x64
		{7B26FFA6-C1BB-467D-AB17-D7890647A225}.Debug|x64.Build.0 = Debug|x64
		{7B26FFA6-C1BB-467D-AB17-D7890647A225}.Debug|x86.ActiveCfg = Debug|Win32
		{7B26FFA6-C1BB-467D-AB17-D7890647A225}.Debug|x86.Build.0 = Debug|Win32
		{7B26FFA6-C1BB-467D-AB17-D7890647A225}.Release|x64.ActiveCfg = Release|x64
		{7B26FFA6-C1BB-467D-AB17-D7890647A225}.Release|x64.Build.0 = Release|x64
		{7B26FFA6-C1BB-467D-AB17-D7890647A225}.Release|x86.ActiveCfg = Release|Win32
		{7B26FFA6-C1BB-467D-AB17-D7890647A225}.Release|x86.Build.0 = Release|Win32
	EndGlobalSection
	GlobalSection(SolutionProperties) = preSolution
		HideSolutionNode = FALSE
	EndGlobalSection
	GlobalSection(ExtensibilityGlobals) = postSolution
		SolutionGuid = {33ED2733-0E5B-45D1-8BB7-09745319FA46}
	EndGlobalSection
EndGlobal
